
Microsoft Visual Studio Solution File, Format Version 12.00
# Visual Studio Version 16
VisualStudioVersion = 16.0.30114.105
MinimumVisualStudioVersion = 10.0.40219.1
Project("{2150E333-8FDC-42A3-9474-1A3956D46DE8}") = "ClientCredentials", "ClientCredentials", "{03DC335D-60F5-4CD0-864D-4F540065EF81}"
EndProject
Project("{FAE04EC0-301F-11D3-BF4B-00C04F79EFBC}") = "AuthServer", "ClientCredentials\AuthServer\AuthServer.csproj", "{3FEDC845-C55A-4127-90CB-FA887D53BD08}"
EndProject
Project("{2150E333-8FDC-42A3-9474-1A3956D46DE8}") = "Apis", "Apis", "{ABD55CB0-EADC-4929-91F5-2785BF17F225}"
EndProject
Project("{FAE04EC0-301F-11D3-BF4B-00C04F79EFBC}") = "Api1", "ClientCredentials\Apis\Api1\Api1.csproj", "{04ED7F83-900A-41F9-A300-624C83F33540}"
EndProject
Project("{FAE04EC0-301F-11D3-BF4B-00C04F79EFBC}") = "Api2", "ClientCredentials\Apis\Api2\Api2.csproj", "{CF9A04D4-A21D-4072-B039-EFDE0665910D}"
EndProject
Project("{2150E333-8FDC-42A3-9474-1A3956D46DE8}") = "Clients", "Clients", "{0A54EB33-A374-4BE8-9159-48D93240AAFD}"
EndProject
Project("{FAE04EC0-301F-11D3-BF4B-00C04F79EFBC}") = "App", "ClientCredentials\Clients\App\App.csproj", "{07C461C8-1A3E-458D-9579-C7655F7903CF}"
EndProject
Project("{FAE04EC0-301F-11D3-BF4B-00C04F79EFBC}") = "OtherApp", "ClientCredentials\Clients\OtherApp\OtherApp.csproj", "{D64168BA-DE1D-4271-91FF-B26D3DA8F256}"
EndProject
Project("{FAE04EC0-301F-11D3-BF4B-00C04F79EFBC}") = "Shared", "Shared\Shared.csproj", "{52402509-3695-4454-8878-2447EFB7DA23}"
EndProject
Project("{2150E333-8FDC-42A3-9474-1A3956D46DE8}") = "Hybrid", "Hybrid", "{F7A7A4CB-C6CB-4E48-B1D7-F59DAE039834}"
EndProject
Project("{2150E333-8FDC-42A3-9474-1A3956D46DE8}") = "Apis", "Apis", "{23E8FC0D-64AD-4CAA-A8A4-4AB0398C7226}"
EndProject
Project("{FAE04EC0-301F-11D3-BF4B-00C04F79EFBC}") = "Api1", "Hybrid\Apis\Api1\Api1.csproj", "{A23A9DF3-8DF9-4BC2-BF19-FA2021082C62}"
EndProject
Project("{FAE04EC0-301F-11D3-BF4B-00C04F79EFBC}") = "Api2", "Hybrid\Apis\Api2\Api2.csproj", "{810D346C-2A0F-4C5A-BC57-B0D0F1DF1888}"
EndProject
Project("{2150E333-8FDC-42A3-9474-1A3956D46DE8}") = "Clients", "Clients", "{7E4F3026-4407-4981-A4B6-D2A976225290}"
EndProject
Project("{FAE04EC0-301F-11D3-BF4B-00C04F79EFBC}") = "App", "Hybrid\Clients\App\App.csproj", "{92073EC6-79A5-484E-B722-C68B1FFBDBA0}"
EndProject
Project("{2150E333-8FDC-42A3-9474-1A3956D46DE8}") = "AuthServers", "AuthServers", "{DF2434FE-7254-4424-96BD-84187AFAD3F5}"
EndProject
Project("{FAE04EC0-301F-11D3-BF4B-00C04F79EFBC}") = "AuthServer", "Hybrid\AuthServers\AuthServer\AuthServer.csproj", "{BA76F795-AEBA-45A4-B343-D4AC94274E19}"
EndProject
Project("{FAE04EC0-301F-11D3-BF4B-00C04F79EFBC}") = "OtherApp", "Hybrid\Clients\OtherApp\OtherApp.csproj", "{26B46081-1F1E-47FD-A569-724863D4A516}"
EndProject
Project("{FAE04EC0-301F-11D3-BF4B-00C04F79EFBC}") = "CustomMembershipAuthServer", "Hybrid\AuthServers\CustomMembershipAuthServer\CustomMembershipAuthServer.csproj", "{020D101E-B875-48DD-A550-9C277CCBDEEE}"
EndProject
Project("{FAE04EC0-301F-11D3-BF4B-00C04F79EFBC}") = "InMemoryAuthServer", "Hybrid\AuthServers\InMemoryAuthServer\InMemoryAuthServer.csproj", "{A1BC0FB4-965A-4DAD-98DD-DFAE5286D779}"
EndProject
Global
	GlobalSection(SolutionConfigurationPlatforms) = preSolution
		Debug|Any CPU = Debug|Any CPU
		Release|Any CPU = Release|Any CPU
	EndGlobalSection
	GlobalSection(SolutionProperties) = preSolution
		HideSolutionNode = FALSE
	EndGlobalSection
	GlobalSection(ProjectConfigurationPlatforms) = postSolution
		{3FEDC845-C55A-4127-90CB-FA887D53BD08}.Debug|Any CPU.ActiveCfg = Debug|Any CPU
		{3FEDC845-C55A-4127-90CB-FA887D53BD08}.Debug|Any CPU.Build.0 = Debug|Any CPU
		{3FEDC845-C55A-4127-90CB-FA887D53BD08}.Release|Any CPU.ActiveCfg = Release|Any CPU
		{3FEDC845-C55A-4127-90CB-FA887D53BD08}.Release|Any CPU.Build.0 = Release|Any CPU
		{04ED7F83-900A-41F9-A300-624C83F33540}.Debug|Any CPU.ActiveCfg = Debug|Any CPU
		{04ED7F83-900A-41F9-A300-624C83F33540}.Debug|Any CPU.Build.0 = Debug|Any CPU
		{04ED7F83-900A-41F9-A300-624C83F33540}.Release|Any CPU.ActiveCfg = Release|Any CPU
		{04ED7F83-900A-41F9-A300-624C83F33540}.Release|Any CPU.Build.0 = Release|Any CPU
		{CF9A04D4-A21D-4072-B039-EFDE0665910D}.Debug|Any CPU.ActiveCfg = Debug|Any CPU
		{CF9A04D4-A21D-4072-B039-EFDE0665910D}.Debug|Any CPU.Build.0 = Debug|Any CPU
		{CF9A04D4-A21D-4072-B039-EFDE0665910D}.Release|Any CPU.ActiveCfg = Release|Any CPU
		{CF9A04D4-A21D-4072-B039-EFDE0665910D}.Release|Any CPU.Build.0 = Release|Any CPU
		{07C461C8-1A3E-458D-9579-C7655F7903CF}.Debug|Any CPU.ActiveCfg = Debug|Any CPU
		{07C461C8-1A3E-458D-9579-C7655F7903CF}.Debug|Any CPU.Build.0 = Debug|Any CPU
		{07C461C8-1A3E-458D-9579-C7655F7903CF}.Release|Any CPU.ActiveCfg = Release|Any CPU
		{07C461C8-1A3E-458D-9579-C7655F7903CF}.Release|Any CPU.Build.0 = Release|Any CPU
		{D64168BA-DE1D-4271-91FF-B26D3DA8F256}.Debug|Any CPU.ActiveCfg = Debug|Any CPU
		{D64168BA-DE1D-4271-91FF-B26D3DA8F256}.Debug|Any CPU.Build.0 = Debug|Any CPU
		{D64168BA-DE1D-4271-91FF-B26D3DA8F256}.Release|Any CPU.ActiveCfg = Release|Any CPU
		{D64168BA-DE1D-4271-91FF-B26D3DA8F256}.Release|Any CPU.Build.0 = Release|Any CPU
		{52402509-3695-4454-8878-2447EFB7DA23}.Debug|Any CPU.ActiveCfg = Debug|Any CPU
		{52402509-3695-4454-8878-2447EFB7DA23}.Debug|Any CPU.Build.0 = Debug|Any CPU
		{52402509-3695-4454-8878-2447EFB7DA23}.Release|Any CPU.ActiveCfg = Release|Any CPU
		{52402509-3695-4454-8878-2447EFB7DA23}.Release|Any CPU.Build.0 = Release|Any CPU
		{A23A9DF3-8DF9-4BC2-BF19-FA2021082C62}.Debug|Any CPU.ActiveCfg = Debug|Any CPU
		{A23A9DF3-8DF9-4BC2-BF19-FA2021082C62}.Debug|Any CPU.Build.0 = Debug|Any CPU
		{A23A9DF3-8DF9-4BC2-BF19-FA2021082C62}.Release|Any CPU.ActiveCfg = Release|Any CPU
		{A23A9DF3-8DF9-4BC2-BF19-FA2021082C62}.Release|Any CPU.Build.0 = Release|Any CPU
		{810D346C-2A0F-4C5A-BC57-B0D0F1DF1888}.Debug|Any CPU.ActiveCfg = Debug|Any CPU
		{810D346C-2A0F-4C5A-BC57-B0D0F1DF1888}.Debug|Any CPU.Build.0 = Debug|Any CPU
		{810D346C-2A0F-4C5A-BC57-B0D0F1DF1888}.Release|Any CPU.ActiveCfg = Release|Any CPU
		{810D346C-2A0F-4C5A-BC57-B0D0F1DF1888}.Release|Any CPU.Build.0 = Release|Any CPU
		{92073EC6-79A5-484E-B722-C68B1FFBDBA0}.Debug|Any CPU.ActiveCfg = Debug|Any CPU
		{92073EC6-79A5-484E-B722-C68B1FFBDBA0}.Debug|Any CPU.Build.0 = Debug|Any CPU
		{92073EC6-79A5-484E-B722-C68B1FFBDBA0}.Release|Any CPU.ActiveCfg = Release|Any CPU
		{92073EC6-79A5-484E-B722-C68B1FFBDBA0}.Release|Any CPU.Build.0 = Release|Any CPU
		{BA76F795-AEBA-45A4-B343-D4AC94274E19}.Debug|Any CPU.ActiveCfg = Debug|Any CPU
		{BA76F795-AEBA-45A4-B343-D4AC94274E19}.Debug|Any CPU.Build.0 = Debug|Any CPU
		{BA76F795-AEBA-45A4-B343-D4AC94274E19}.Release|Any CPU.ActiveCfg = Release|Any CPU
		{BA76F795-AEBA-45A4-B343-D4AC94274E19}.Release|Any CPU.Build.0 = Release|Any CPU
		{26B46081-1F1E-47FD-A569-724863D4A516}.Debug|Any CPU.ActiveCfg = Debug|Any CPU
		{26B46081-1F1E-47FD-A569-724863D4A516}.Debug|Any CPU.Build.0 = Debug|Any CPU
		{26B46081-1F1E-47FD-A569-724863D4A516}.Release|Any CPU.ActiveCfg = Release|Any CPU
		{26B46081-1F1E-47FD-A569-724863D4A516}.Release|Any CPU.Build.0 = Release|Any CPU
		{020D101E-B875-48DD-A550-9C277CCBDEEE}.Debug|Any CPU.ActiveCfg = Debug|Any CPU
		{020D101E-B875-48DD-A550-9C277CCBDEEE}.Debug|Any CPU.Build.0 = Debug|Any CPU
		{020D101E-B875-48DD-A550-9C277CCBDEEE}.Release|Any CPU.ActiveCfg = Release|Any CPU
		{020D101E-B875-48DD-A550-9C277CCBDEEE}.Release|Any CPU.Build.0 = Release|Any CPU
		{A1BC0FB4-965A-4DAD-98DD-DFAE5286D779}.Debug|Any CPU.ActiveCfg = Debug|Any CPU
		{A1BC0FB4-965A-4DAD-98DD-DFAE5286D779}.Debug|Any CPU.Build.0 = Debug|Any CPU
		{A1BC0FB4-965A-4DAD-98DD-DFAE5286D779}.Release|Any CPU.ActiveCfg = Release|Any CPU
		{A1BC0FB4-965A-4DAD-98DD-DFAE5286D779}.Release|Any CPU.Build.0 = Release|Any CPU
	EndGlobalSection
	GlobalSection(NestedProjects) = preSolution
		{3FEDC845-C55A-4127-90CB-FA887D53BD08} = {03DC335D-60F5-4CD0-864D-4F540065EF81}
		{ABD55CB0-EADC-4929-91F5-2785BF17F225} = {03DC335D-60F5-4CD0-864D-4F540065EF81}
		{04ED7F83-900A-41F9-A300-624C83F33540} = {ABD55CB0-EADC-4929-91F5-2785BF17F225}
		{CF9A04D4-A21D-4072-B039-EFDE0665910D} = {ABD55CB0-EADC-4929-91F5-2785BF17F225}
		{0A54EB33-A374-4BE8-9159-48D93240AAFD} = {03DC335D-60F5-4CD0-864D-4F540065EF81}
		{07C461C8-1A3E-458D-9579-C7655F7903CF} = {0A54EB33-A374-4BE8-9159-48D93240AAFD}
		{D64168BA-DE1D-4271-91FF-B26D3DA8F256} = {0A54EB33-A374-4BE8-9159-48D93240AAFD}
		{23E8FC0D-64AD-4CAA-A8A4-4AB0398C7226} = {F7A7A4CB-C6CB-4E48-B1D7-F59DAE039834}
		{A23A9DF3-8DF9-4BC2-BF19-FA2021082C62} = {23E8FC0D-64AD-4CAA-A8A4-4AB0398C7226}
		{810D346C-2A0F-4C5A-BC57-B0D0F1DF1888} = {23E8FC0D-64AD-4CAA-A8A4-4AB0398C7226}
		{7E4F3026-4407-4981-A4B6-D2A976225290} = {F7A7A4CB-C6CB-4E48-B1D7-F59DAE039834}
		{92073EC6-79A5-484E-B722-C68B1FFBDBA0} = {7E4F3026-4407-4981-A4B6-D2A976225290}
		{DF2434FE-7254-4424-96BD-84187AFAD3F5} = {F7A7A4CB-C6CB-4E48-B1D7-F59DAE039834}
		{BA76F795-AEBA-45A4-B343-D4AC94274E19} = {DF2434FE-7254-4424-96BD-84187AFAD3F5}
		{26B46081-1F1E-47FD-A569-724863D4A516} = {7E4F3026-4407-4981-A4B6-D2A976225290}
		{020D101E-B875-48DD-A550-9C277CCBDEEE} = {DF2434FE-7254-4424-96BD-84187AFAD3F5}
		{A1BC0FB4-965A-4DAD-98DD-DFAE5286D779} = {DF2434FE-7254-4424-96BD-84187AFAD3F5}
	EndGlobalSection
EndGlobal
