
Microsoft Visual Studio Solution File, Format Version 12.00
# Visual Studio Version 16
VisualStudioVersion = 16.0.30114.105
MinimumVisualStudioVersion = 10.0.40219.1
Project("{2150E333-8FDC-42A3-9474-1A3956D46DE8}") = "ClientCredentials", "ClientCredentials", "{03DC335D-60F5-4CD0-864D-4F540065EF81}"
EndProject
Project("{FAE04EC0-301F-11D3-BF4B-00C04F79EFBC}") = "AuthServer", "ClientCredentials\AuthServer\AuthServer.csproj", "{3FEDC845-C55A-4127-90CB-FA887D53BD08}"
EndProject
Project("{2150E333-8FDC-42A3-9474-1A3956D46DE8}") = "Apis", "Apis", "{ABD55CB0-EADC-4929-91F5-2785BF17F225}"
EndProject
Project("{FAE04EC0-301F-11D3-BF4B-00C04F79EFBC}") = "Api1", "ClientCredentials\Apis\Api1\Api1.csproj", "{04ED7F83-900A-41F9-A300-624C83F33540}"
EndProject
Project("{FAE04EC0-301F-11D3-BF4B-00C04F79EFBC}") = "Api2", "ClientCredentials\Apis\Api2\Api2.csproj", "{CF9A04D4-A21D-4072-B039-EFDE0665910D}"
EndProject
Project("{2150E333-8FDC-42A3-9474-1A3956D46DE8}") = "Clients", "Clients", "{0A54EB33-A374-4BE8-9159-48D93240AAFD}"
EndProject
Project("{FAE04EC0-301F-11D3-BF4B-00C04F79EFBC}") = "App", "ClientCredentials\Clients\App\App.csproj", "{07C461C8-1A3E-458D-9579-C7655F7903CF}"
EndProject
Project("{FAE04EC0-301F-11D3-BF4B-00C04F79EFBC}") = "OtherApp", "ClientCredentials\Clients\OtherApp\OtherApp.csproj", "{D64168BA-DE1D-4271-91FF-B26D3DA8F256}"
EndProject
Project("{FAE04EC0-301F-11D3-BF4B-00C04F79EFBC}") = "Shared", "Shared\Shared.csproj", "{52402509-3695-4454-8878-2447EFB7DA23}"
EndProject
Global
	GlobalSection(SolutionConfigurationPlatforms) = preSolution
		Debug|Any CPU = Debug|Any CPU
		Release|Any CPU = Release|Any CPU
	EndGlobalSection
	GlobalSection(SolutionProperties) = preSolution
		HideSolutionNode = FALSE
	EndGlobalSection
	GlobalSection(ProjectConfigurationPlatforms) = postSolution
		{3FEDC845-C55A-4127-90CB-FA887D53BD08}.Debug|Any CPU.ActiveCfg = Debug|Any CPU
		{3FEDC845-C55A-4127-90CB-FA887D53BD08}.Debug|Any CPU.Build.0 = Debug|Any CPU
		{3FEDC845-C55A-4127-90CB-FA887D53BD08}.Release|Any CPU.ActiveCfg = Release|Any CPU
		{3FEDC845-C55A-4127-90CB-FA887D53BD08}.Release|Any CPU.Build.0 = Release|Any CPU
		{04ED7F83-900A-41F9-A300-624C83F33540}.Debug|Any CPU.ActiveCfg = Debug|Any CPU
		{04ED7F83-900A-41F9-A300-624C83F33540}.Debug|Any CPU.Build.0 = Debug|Any CPU
		{04ED7F83-900A-41F9-A300-624C83F33540}.Release|Any CPU.ActiveCfg = Release|Any CPU
		{04ED7F83-900A-41F9-A300-624C83F33540}.Release|Any CPU.Build.0 = Release|Any CPU
		{CF9A04D4-A21D-4072-B039-EFDE0665910D}.Debug|Any CPU.ActiveCfg = Debug|Any CPU
		{CF9A04D4-A21D-4072-B039-EFDE0665910D}.Debug|Any CPU.Build.0 = Debug|Any CPU
		{CF9A04D4-A21D-4072-B039-EFDE0665910D}.Release|Any CPU.ActiveCfg = Release|Any CPU
		{CF9A04D4-A21D-4072-B039-EFDE0665910D}.Release|Any CPU.Build.0 = Release|Any CPU
		{07C461C8-1A3E-458D-9579-C7655F7903CF}.Debug|Any CPU.ActiveCfg = Debug|Any CPU
		{07C461C8-1A3E-458D-9579-C7655F7903CF}.Debug|Any CPU.Build.0 = Debug|Any CPU
		{07C461C8-1A3E-458D-9579-C7655F7903CF}.Release|Any CPU.ActiveCfg = Release|Any CPU
		{07C461C8-1A3E-458D-9579-C7655F7903CF}.Release|Any CPU.Build.0 = Release|Any CPU
		{D64168BA-DE1D-4271-91FF-B26D3DA8F256}.Debug|Any CPU.ActiveCfg = Debug|Any CPU
		{D64168BA-DE1D-4271-91FF-B26D3DA8F256}.Debug|Any CPU.Build.0 = Debug|Any CPU
		{D64168BA-DE1D-4271-91FF-B26D3DA8F256}.Release|Any CPU.ActiveCfg = Release|Any CPU
		{D64168BA-DE1D-4271-91FF-B26D3DA8F256}.Release|Any CPU.Build.0 = Release|Any CPU
		{52402509-3695-4454-8878-2447EFB7DA23}.Debug|Any CPU.ActiveCfg = Debug|Any CPU
		{52402509-3695-4454-8878-2447EFB7DA23}.Debug|Any CPU.Build.0 = Debug|Any CPU
		{52402509-3695-4454-8878-2447EFB7DA23}.Release|Any CPU.ActiveCfg = Release|Any CPU
		{52402509-3695-4454-8878-2447EFB7DA23}.Release|Any CPU.Build.0 = Release|Any CPU
	EndGlobalSection
	GlobalSection(NestedProjects) = preSolution
		{3FEDC845-C55A-4127-90CB-FA887D53BD08} = {03DC335D-60F5-4CD0-864D-4F540065EF81}
		{ABD55CB0-EADC-4929-91F5-2785BF17F225} = {03DC335D-60F5-4CD0-864D-4F540065EF81}
		{04ED7F83-900A-41F9-A300-624C83F33540} = {ABD55CB0-EADC-4929-91F5-2785BF17F225}
		{CF9A04D4-A21D-4072-B039-EFDE0665910D} = {ABD55CB0-EADC-4929-91F5-2785BF17F225}
		{0A54EB33-A374-4BE8-9159-48D93240AAFD} = {03DC335D-60F5-4CD0-864D-4F540065EF81}
		{07C461C8-1A3E-458D-9579-C7655F7903CF} = {0A54EB33-A374-4BE8-9159-48D93240AAFD}
		{D64168BA-DE1D-4271-91FF-B26D3DA8F256} = {0A54EB33-A374-4BE8-9159-48D93240AAFD}
	EndGlobalSection
EndGlobal
