
Microsoft Visual Studio Solution File, Format Version 12.00
# Visual Studio Version 16
VisualStudioVersion = 16.0.30114.105
MinimumVisualStudioVersion = 10.0.40219.1
Project("{FAE04EC0-301F-11D3-BF4B-00C04F79EFBC}") = "Shared", "Shared\Shared.csproj", "{4C11B520-C030-4966-B461-CCB3901716AF}"
EndProject
Project("{2150E333-8FDC-42A3-9474-1A3956D46DE8}") = "Apis", "Apis", "{20471A09-D386-431D-9DE6-DA88ABE21D35}"
EndProject
Project("{FAE04EC0-301F-11D3-BF4B-00C04F79EFBC}") = "Api1", "Apis\Api1\Api1.csproj", "{4E96EE09-F683-4123-A05D-31D566DAF3D9}"
EndProject
Project("{FAE04EC0-301F-11D3-BF4B-00C04F79EFBC}") = "Api2", "Apis\Api2\Api2.csproj", "{14966E8A-D7CB-4D72-933D-D1EFB2B29A95}"
EndProject
Project("{2150E333-8FDC-42A3-9474-1A3956D46DE8}") = "AuthServers", "AuthServers", "{75ED3146-8783-42C4-8E04-3F5E779BF423}"
EndProject
Project("{FAE04EC0-301F-11D3-BF4B-00C04F79EFBC}") = "InMemoryAuthServer", "AuthServers\InMemoryAuthServer\InMemoryAuthServer.csproj", "{B4E00FB5-C83D-4D22-8908-81E301680D6B}"
EndProject
Project("{FAE04EC0-301F-11D3-BF4B-00C04F79EFBC}") = "CustomMembershipAuthServer", "AuthServers\CustomMembershipAuthServer\CustomMembershipAuthServer.csproj", "{FFC778B8-1B88-4E9E-9A96-2E414C031B46}"
EndProject
Project("{2150E333-8FDC-42A3-9474-1A3956D46DE8}") = "Clients", "Clients", "{DDDE61E9-3A90-424C-AFF4-B275F4F65536}"
EndProject
Project("{FAE04EC0-301F-11D3-BF4B-00C04F79EFBC}") = "App", "Clients\App\App.csproj", "{5C42F5AA-63DD-4601-A84F-996F08280B76}"
EndProject
Project("{FAE04EC0-301F-11D3-BF4B-00C04F79EFBC}") = "ClientApp", "Clients\ClientApp\ClientApp.csproj", "{5BAE7724-C9A8-4E03-8664-DFE287BB5AD7}"
EndProject
Project("{FAE04EC0-301F-11D3-BF4B-00C04F79EFBC}") = "PwdApp", "Clients\PwdApp\PwdApp.csproj", "{06EFFC1A-B14B-4BA7-8411-8B28CACEFD54}"
EndProject
Project("{FAE04EC0-301F-11D3-BF4B-00C04F79EFBC}") = "IdentityMembersipAuthServer", "AuthServers\IdentityMembersipAuthServer\IdentityMembersipAuthServer.csproj", "{344B6E81-5C53-46EF-84C1-EEADDE222184}"
EndProject
Global
	GlobalSection(SolutionConfigurationPlatforms) = preSolution
		Debug|Any CPU = Debug|Any CPU
		Release|Any CPU = Release|Any CPU
	EndGlobalSection
	GlobalSection(SolutionProperties) = preSolution
		HideSolutionNode = FALSE
	EndGlobalSection
	GlobalSection(ProjectConfigurationPlatforms) = postSolution
		{4C11B520-C030-4966-B461-CCB3901716AF}.Debug|Any CPU.ActiveCfg = Debug|Any CPU
		{4C11B520-C030-4966-B461-CCB3901716AF}.Debug|Any CPU.Build.0 = Debug|Any CPU
		{4C11B520-C030-4966-B461-CCB3901716AF}.Release|Any CPU.ActiveCfg = Release|Any CPU
		{4C11B520-C030-4966-B461-CCB3901716AF}.Release|Any CPU.Build.0 = Release|Any CPU
		{4E96EE09-F683-4123-A05D-31D566DAF3D9}.Debug|Any CPU.ActiveCfg = Debug|Any CPU
		{4E96EE09-F683-4123-A05D-31D566DAF3D9}.Debug|Any CPU.Build.0 = Debug|Any CPU
		{4E96EE09-F683-4123-A05D-31D566DAF3D9}.Release|Any CPU.ActiveCfg = Release|Any CPU
		{4E96EE09-F683-4123-A05D-31D566DAF3D9}.Release|Any CPU.Build.0 = Release|Any CPU
		{14966E8A-D7CB-4D72-933D-D1EFB2B29A95}.Debug|Any CPU.ActiveCfg = Debug|Any CPU
		{14966E8A-D7CB-4D72-933D-D1EFB2B29A95}.Debug|Any CPU.Build.0 = Debug|Any CPU
		{14966E8A-D7CB-4D72-933D-D1EFB2B29A95}.Release|Any CPU.ActiveCfg = Release|Any CPU
		{14966E8A-D7CB-4D72-933D-D1EFB2B29A95}.Release|Any CPU.Build.0 = Release|Any CPU
		{B4E00FB5-C83D-4D22-8908-81E301680D6B}.Debug|Any CPU.ActiveCfg = Debug|Any CPU
		{B4E00FB5-C83D-4D22-8908-81E301680D6B}.Debug|Any CPU.Build.0 = Debug|Any CPU
		{B4E00FB5-C83D-4D22-8908-81E301680D6B}.Release|Any CPU.ActiveCfg = Release|Any CPU
		{B4E00FB5-C83D-4D22-8908-81E301680D6B}.Release|Any CPU.Build.0 = Release|Any CPU
		{FFC778B8-1B88-4E9E-9A96-2E414C031B46}.Debug|Any CPU.ActiveCfg = Debug|Any CPU
		{FFC778B8-1B88-4E9E-9A96-2E414C031B46}.Debug|Any CPU.Build.0 = Debug|Any CPU
		{FFC778B8-1B88-4E9E-9A96-2E414C031B46}.Release|Any CPU.ActiveCfg = Release|Any CPU
		{FFC778B8-1B88-4E9E-9A96-2E414C031B46}.Release|Any CPU.Build.0 = Release|Any CPU
		{5C42F5AA-63DD-4601-A84F-996F08280B76}.Debug|Any CPU.ActiveCfg = Debug|Any CPU
		{5C42F5AA-63DD-4601-A84F-996F08280B76}.Debug|Any CPU.Build.0 = Debug|Any CPU
		{5C42F5AA-63DD-4601-A84F-996F08280B76}.Release|Any CPU.ActiveCfg = Release|Any CPU
		{5C42F5AA-63DD-4601-A84F-996F08280B76}.Release|Any CPU.Build.0 = Release|Any CPU
		{5BAE7724-C9A8-4E03-8664-DFE287BB5AD7}.Debug|Any CPU.ActiveCfg = Debug|Any CPU
		{5BAE7724-C9A8-4E03-8664-DFE287BB5AD7}.Debug|Any CPU.Build.0 = Debug|Any CPU
		{5BAE7724-C9A8-4E03-8664-DFE287BB5AD7}.Release|Any CPU.ActiveCfg = Release|Any CPU
		{5BAE7724-C9A8-4E03-8664-DFE287BB5AD7}.Release|Any CPU.Build.0 = Release|Any CPU
		{06EFFC1A-B14B-4BA7-8411-8B28CACEFD54}.Debug|Any CPU.ActiveCfg = Debug|Any CPU
		{06EFFC1A-B14B-4BA7-8411-8B28CACEFD54}.Debug|Any CPU.Build.0 = Debug|Any CPU
		{06EFFC1A-B14B-4BA7-8411-8B28CACEFD54}.Release|Any CPU.ActiveCfg = Release|Any CPU
		{06EFFC1A-B14B-4BA7-8411-8B28CACEFD54}.Release|Any CPU.Build.0 = Release|Any CPU
		{344B6E81-5C53-46EF-84C1-EEADDE222184}.Debug|Any CPU.ActiveCfg = Debug|Any CPU
		{344B6E81-5C53-46EF-84C1-EEADDE222184}.Debug|Any CPU.Build.0 = Debug|Any CPU
		{344B6E81-5C53-46EF-84C1-EEADDE222184}.Release|Any CPU.ActiveCfg = Release|Any CPU
		{344B6E81-5C53-46EF-84C1-EEADDE222184}.Release|Any CPU.Build.0 = Release|Any CPU
	EndGlobalSection
	GlobalSection(NestedProjects) = preSolution
		{4E96EE09-F683-4123-A05D-31D566DAF3D9} = {20471A09-D386-431D-9DE6-DA88ABE21D35}
		{14966E8A-D7CB-4D72-933D-D1EFB2B29A95} = {20471A09-D386-431D-9DE6-DA88ABE21D35}
		{B4E00FB5-C83D-4D22-8908-81E301680D6B} = {75ED3146-8783-42C4-8E04-3F5E779BF423}
		{FFC778B8-1B88-4E9E-9A96-2E414C031B46} = {75ED3146-8783-42C4-8E04-3F5E779BF423}
		{5C42F5AA-63DD-4601-A84F-996F08280B76} = {DDDE61E9-3A90-424C-AFF4-B275F4F65536}
		{5BAE7724-C9A8-4E03-8664-DFE287BB5AD7} = {DDDE61E9-3A90-424C-AFF4-B275F4F65536}
		{06EFFC1A-B14B-4BA7-8411-8B28CACEFD54} = {DDDE61E9-3A90-424C-AFF4-B275F4F65536}
		{344B6E81-5C53-46EF-84C1-EEADDE222184} = {75ED3146-8783-42C4-8E04-3F5E779BF423}
	EndGlobalSection
EndGlobal
